
Microsoft Visual Studio Solution File, Format Version 12.00
# Visual Studio Version 16
VisualStudioVersion = 16.0.31729.503
MinimumVisualStudioVersion = 10.0.40219.1
Project("{FAE04EC0-301F-11D3-BF4B-00C04F79EFBC}") = "OOPS2PM", "OOPS2PM\OOPS2PM.csproj", "{E93B2ABA-AFF7-4039-89FD-25D0B7CD19E3}"
EndProject
Global
	GlobalSection(SolutionConfigurationPlatforms) = preSolution
		Debug|Any CPU = Debug|Any CPU
		Release|Any CPU = Release|Any CPU
	EndGlobalSection
	GlobalSection(ProjectConfigurationPlatforms) = postSolution
		{E93B2ABA-AFF7-4039-89FD-25D0B7CD19E3}.Debug|Any CPU.ActiveCfg = Debug|Any CPU
		{E93B2ABA-AFF7-4039-89FD-25D0B7CD19E3}.Debug|Any CPU.Build.0 = Debug|Any CPU
		{E93B2ABA-AFF7-4039-89FD-25D0B7CD19E3}.Release|Any CPU.ActiveCfg = Release|Any CPU
		{E93B2ABA-AFF7-4039-89FD-25D0B7CD19E3}.Release|Any CPU.Build.0 = Release|Any CPU
	EndGlobalSection
	GlobalSection(SolutionProperties) = preSolution
		HideSolutionNode = FALSE
	EndGlobalSection
	GlobalSection(ExtensibilityGlobals) = postSolution
		SolutionGuid = {9E22B118-A251-496A-BA51-C7AE93A1C406}
	EndGlobalSection
EndGlobal
